// !$*UTF8*$!
{
	archiveVersion = 1;
	classes = {
	};
	objectVersion = 50;
	objects = {

/* Begin PBXBuildFile section */
		448091B5225333F50006C817 /* ServiceError.swift in Sources */ = {isa = PBXBuildFile; fileRef = 448091B4225333F50006C817 /* ServiceError.swift */; };
		44A10725225738B50082B00C /* UIViewController+Extensions.swift in Sources */ = {isa = PBXBuildFile; fileRef = 44A10724225738B50082B00C /* UIViewController+Extensions.swift */; };
		44C6A195223A701C009F52BB /* Main.storyboard in Resources */ = {isa = PBXBuildFile; fileRef = 44C6A193223A701C009F52BB /* Main.storyboard */; };
		44C6A197223A701D009F52BB /* Assets.xcassets in Resources */ = {isa = PBXBuildFile; fileRef = 44C6A196223A701D009F52BB /* Assets.xcassets */; };
		44C6A19A223A701D009F52BB /* LaunchScreen.storyboard in Resources */ = {isa = PBXBuildFile; fileRef = 44C6A198223A701D009F52BB /* LaunchScreen.storyboard */; };
		44C6A1A3223A7129009F52BB /* AppDelegate.swift in Sources */ = {isa = PBXBuildFile; fileRef = 44C6A1A2223A7129009F52BB /* AppDelegate.swift */; };
		44C6A1AC223A7502009F52BB /* CollectionViewCell.swift in Sources */ = {isa = PBXBuildFile; fileRef = 44C6A1AB223A7502009F52BB /* CollectionViewCell.swift */; };
		44C6A1AE223A7CE0009F52BB /* Album.swift in Sources */ = {isa = PBXBuildFile; fileRef = 44C6A1AD223A7CE0009F52BB /* Album.swift */; };
		44C6A1B0223A7D03009F52BB /* APIClient.swift in Sources */ = {isa = PBXBuildFile; fileRef = 44C6A1AF223A7D03009F52BB /* APIClient.swift */; };
		44C6A1B2223A7D11009F52BB /* AlbumViewModel.swift in Sources */ = {isa = PBXBuildFile; fileRef = 44C6A1B1223A7D11009F52BB /* AlbumViewModel.swift */; };
		44C6A1B7223A7D70009F52BB /* Constants.swift in Sources */ = {isa = PBXBuildFile; fileRef = 44C6A1B6223A7D70009F52BB /* Constants.swift */; };
		44C6A1B9223B54B0009F52BB /* AlbumInfo.swift in Sources */ = {isa = PBXBuildFile; fileRef = 44C6A1B8223B54B0009F52BB /* AlbumInfo.swift */; };
		44C6A1BD223B7191009F52BB /* AlbumInfoViewModel.swift in Sources */ = {isa = PBXBuildFile; fileRef = 44C6A1BC223B7191009F52BB /* AlbumInfoViewModel.swift */; };
		44C6A1C5223BC6B3009F52BB /* ViewController.swift in Sources */ = {isa = PBXBuildFile; fileRef = 44C6A1C2223BC6B2009F52BB /* ViewController.swift */; };
		44C6A1C6223BC6B3009F52BB /* AlbumInfoVC.swift in Sources */ = {isa = PBXBuildFile; fileRef = 44C6A1C3223BC6B2009F52BB /* AlbumInfoVC.swift */; };
		44C6A1C7223BC6B3009F52BB /* Extensions.swift in Sources */ = {isa = PBXBuildFile; fileRef = 44C6A1C4223BC6B2009F52BB /* Extensions.swift */; };
		44C6A1C9223BC6D8009F52BB /* Protocols.swift in Sources */ = {isa = PBXBuildFile; fileRef = 44C6A1C8223BC6D8009F52BB /* Protocols.swift */; };
		44F62B5A223CC734005EE217 /* Reachability.swift in Sources */ = {isa = PBXBuildFile; fileRef = 44F62B58223CC733005EE217 /* Reachability.swift */; };
		F82B85642A84542B7679D18C /* Pods_Last_Fm.framework in Frameworks */ = {isa = PBXBuildFile; fileRef = 753918E7EB86120E18921237 /* Pods_Last_Fm.framework */; };
/* End PBXBuildFile section */

/* Begin PBXFileReference section */
		448091B4225333F50006C817 /* ServiceError.swift */ = {isa = PBXFileReference; lastKnownFileType = sourcecode.swift; path = ServiceError.swift; sourceTree = "<group>"; };
		44A10724225738B50082B00C /* UIViewController+Extensions.swift */ = {isa = PBXFileReference; lastKnownFileType = sourcecode.swift; path = "UIViewController+Extensions.swift"; sourceTree = "<group>"; };
		44C6A18C223A701C009F52BB /* Last.Fm.app */ = {isa = PBXFileReference; explicitFileType = wrapper.application; includeInIndex = 0; path = Last.Fm.app; sourceTree = BUILT_PRODUCTS_DIR; };
		44C6A194223A701C009F52BB /* Base */ = {isa = PBXFileReference; lastKnownFileType = file.storyboard; name = Base; path = Base.lproj/Main.storyboard; sourceTree = "<group>"; };
		44C6A196223A701D009F52BB /* Assets.xcassets */ = {isa = PBXFileReference; lastKnownFileType = folder.assetcatalog; path = Assets.xcassets; sourceTree = "<group>"; };
		44C6A199223A701D009F52BB /* Base */ = {isa = PBXFileReference; lastKnownFileType = file.storyboard; name = Base; path = Base.lproj/LaunchScreen.storyboard; sourceTree = "<group>"; };
		44C6A19B223A701D009F52BB /* Info.plist */ = {isa = PBXFileReference; lastKnownFileType = text.plist.xml; path = Info.plist; sourceTree = "<group>"; };
		44C6A1A2223A7129009F52BB /* AppDelegate.swift */ = {isa = PBXFileReference; fileEncoding = 4; lastKnownFileType = sourcecode.swift; path = AppDelegate.swift; sourceTree = "<group>"; };
		44C6A1AB223A7502009F52BB /* CollectionViewCell.swift */ = {isa = PBXFileReference; lastKnownFileType = sourcecode.swift; path = CollectionViewCell.swift; sourceTree = "<group>"; };
		44C6A1AD223A7CE0009F52BB /* Album.swift */ = {isa = PBXFileReference; lastKnownFileType = sourcecode.swift; path = Album.swift; sourceTree = "<group>"; };
		44C6A1AF223A7D03009F52BB /* APIClient.swift */ = {isa = PBXFileReference; lastKnownFileType = sourcecode.swift; path = APIClient.swift; sourceTree = "<group>"; };
		44C6A1B1223A7D11009F52BB /* AlbumViewModel.swift */ = {isa = PBXFileReference; lastKnownFileType = sourcecode.swift; path = AlbumViewModel.swift; sourceTree = "<group>"; };
		44C6A1B6223A7D70009F52BB /* Constants.swift */ = {isa = PBXFileReference; lastKnownFileType = sourcecode.swift; path = Constants.swift; sourceTree = "<group>"; };
		44C6A1B8223B54B0009F52BB /* AlbumInfo.swift */ = {isa = PBXFileReference; lastKnownFileType = sourcecode.swift; path = AlbumInfo.swift; sourceTree = "<group>"; };
		44C6A1BC223B7191009F52BB /* AlbumInfoViewModel.swift */ = {isa = PBXFileReference; lastKnownFileType = sourcecode.swift; path = AlbumInfoViewModel.swift; sourceTree = "<group>"; };
		44C6A1C2223BC6B2009F52BB /* ViewController.swift */ = {isa = PBXFileReference; fileEncoding = 4; lastKnownFileType = sourcecode.swift; path = ViewController.swift; sourceTree = "<group>"; };
		44C6A1C3223BC6B2009F52BB /* AlbumInfoVC.swift */ = {isa = PBXFileReference; fileEncoding = 4; lastKnownFileType = sourcecode.swift; path = AlbumInfoVC.swift; sourceTree = "<group>"; };
		44C6A1C4223BC6B2009F52BB /* Extensions.swift */ = {isa = PBXFileReference; fileEncoding = 4; lastKnownFileType = sourcecode.swift; path = Extensions.swift; sourceTree = "<group>"; };
		44C6A1C8223BC6D8009F52BB /* Protocols.swift */ = {isa = PBXFileReference; lastKnownFileType = sourcecode.swift; path = Protocols.swift; sourceTree = "<group>"; };
		44F62B58223CC733005EE217 /* Reachability.swift */ = {isa = PBXFileReference; fileEncoding = 4; lastKnownFileType = sourcecode.swift; path = Reachability.swift; sourceTree = "<group>"; };
		44F62B59223CC733005EE217 /* Reachability.h */ = {isa = PBXFileReference; fileEncoding = 4; lastKnownFileType = sourcecode.c.h; path = Reachability.h; sourceTree = "<group>"; };
		44F62B5D223CD776005EE217 /* SystemConfiguration.framework */ = {isa = PBXFileReference; lastKnownFileType = wrapper.framework; name = SystemConfiguration.framework; path = System/Library/Frameworks/SystemConfiguration.framework; sourceTree = SDKROOT; };
		6F2FDC84BBD15C686B192AFD /* Pods-Last.Fm.debug.xcconfig */ = {isa = PBXFileReference; includeInIndex = 1; lastKnownFileType = text.xcconfig; name = "Pods-Last.Fm.debug.xcconfig"; path = "Target Support Files/Pods-Last.Fm/Pods-Last.Fm.debug.xcconfig"; sourceTree = "<group>"; };
		753918E7EB86120E18921237 /* Pods_Last_Fm.framework */ = {isa = PBXFileReference; explicitFileType = wrapper.framework; includeInIndex = 0; path = Pods_Last_Fm.framework; sourceTree = BUILT_PRODUCTS_DIR; };
		7E1534737AA3C98A172AA480 /* Pods-Last.Fm.release.xcconfig */ = {isa = PBXFileReference; includeInIndex = 1; lastKnownFileType = text.xcconfig; name = "Pods-Last.Fm.release.xcconfig"; path = "Target Support Files/Pods-Last.Fm/Pods-Last.Fm.release.xcconfig"; sourceTree = "<group>"; };
/* End PBXFileReference section */

/* Begin PBXFrameworksBuildPhase section */
		44C6A189223A701C009F52BB /* Frameworks */ = {
			isa = PBXFrameworksBuildPhase;
			buildActionMask = 2147483647;
			files = (
				F82B85642A84542B7679D18C /* Pods_Last_Fm.framework in Frameworks */,
			);
			runOnlyForDeploymentPostprocessing = 0;
		};
/* End PBXFrameworksBuildPhase section */

/* Begin PBXGroup section */
		448091B7225367CB0006C817 /* Protocols */ = {
			isa = PBXGroup;
			children = (
				44C6A1C8223BC6D8009F52BB /* Protocols.swift */,
			);
			path = Protocols;
			sourceTree = "<group>";
		};
		448091B8225368A00006C817 /* Extensions */ = {
			isa = PBXGroup;
			children = (
				44C6A1C4223BC6B2009F52BB /* Extensions.swift */,
				44A10724225738B50082B00C /* UIViewController+Extensions.swift */,
			);
			path = Extensions;
			sourceTree = "<group>";
		};
		44C6A183223A701C009F52BB = {
			isa = PBXGroup;
			children = (
				44C6A18E223A701C009F52BB /* Last.Fm */,
				44C6A18D223A701C009F52BB /* Products */,
				44F62B5C223CD776005EE217 /* Frameworks */,
				62A5263CEAB985E5CDD5F41D /* Pods */,
			);
			sourceTree = "<group>";
		};
		44C6A18D223A701C009F52BB /* Products */ = {
			isa = PBXGroup;
			children = (
				44C6A18C223A701C009F52BB /* Last.Fm.app */,
			);
			name = Products;
			sourceTree = "<group>";
		};
		44C6A18E223A701C009F52BB /* Last.Fm */ = {
			isa = PBXGroup;
			children = (
				448091B8225368A00006C817 /* Extensions */,
				448091B7225367CB0006C817 /* Protocols */,
				44F62B57223CC733005EE217 /* Reachability */,
				44C6A1C1223BC6B2009F52BB /* UIControllers */,
				44C6A1B5223A7D65009F52BB /* Constants */,
				44C6A1AA223A7209009F52BB /* Webservices */,
				44C6A1A9223A7154009F52BB /* ViewModels */,
				44C6A1A8223A714C009F52BB /* Models */,
				44C6A1A7223A7141009F52BB /* Cells */,
				44C6A1A1223A7129009F52BB /* AppDelegate */,
				44C6A193223A701C009F52BB /* Main.storyboard */,
				44C6A196223A701D009F52BB /* Assets.xcassets */,
				44C6A198223A701D009F52BB /* LaunchScreen.storyboard */,
				44C6A19B223A701D009F52BB /* Info.plist */,
			);
			path = Last.Fm;
			sourceTree = "<group>";
		};
		44C6A1A1223A7129009F52BB /* AppDelegate */ = {
			isa = PBXGroup;
			children = (
				44C6A1A2223A7129009F52BB /* AppDelegate.swift */,
			);
			path = AppDelegate;
			sourceTree = "<group>";
		};
		44C6A1A7223A7141009F52BB /* Cells */ = {
			isa = PBXGroup;
			children = (
				44C6A1AB223A7502009F52BB /* CollectionViewCell.swift */,
			);
			path = Cells;
			sourceTree = "<group>";
		};
		44C6A1A8223A714C009F52BB /* Models */ = {
			isa = PBXGroup;
			children = (
				44C6A1AD223A7CE0009F52BB /* Album.swift */,
				44C6A1B8223B54B0009F52BB /* AlbumInfo.swift */,
			);
			path = Models;
			sourceTree = "<group>";
		};
		44C6A1A9223A7154009F52BB /* ViewModels */ = {
			isa = PBXGroup;
			children = (
				44C6A1B1223A7D11009F52BB /* AlbumViewModel.swift */,
				44C6A1BC223B7191009F52BB /* AlbumInfoViewModel.swift */,
			);
			path = ViewModels;
			sourceTree = "<group>";
		};
		44C6A1AA223A7209009F52BB /* Webservices */ = {
			isa = PBXGroup;
			children = (
				44C6A1AF223A7D03009F52BB /* APIClient.swift */,
				448091B4225333F50006C817 /* ServiceError.swift */,
			);
			path = Webservices;
			sourceTree = "<group>";
		};
		44C6A1B5223A7D65009F52BB /* Constants */ = {
			isa = PBXGroup;
			children = (
				44C6A1B6223A7D70009F52BB /* Constants.swift */,
			);
			path = Constants;
			sourceTree = "<group>";
		};
		44C6A1C1223BC6B2009F52BB /* UIControllers */ = {
			isa = PBXGroup;
			children = (
				44C6A1C2223BC6B2009F52BB /* ViewController.swift */,
				44C6A1C3223BC6B2009F52BB /* AlbumInfoVC.swift */,
			);
			path = UIControllers;
			sourceTree = "<group>";
		};
		44F62B57223CC733005EE217 /* Reachability */ = {
			isa = PBXGroup;
			children = (
				44F62B58223CC733005EE217 /* Reachability.swift */,
				44F62B59223CC733005EE217 /* Reachability.h */,
			);
			path = Reachability;
			sourceTree = "<group>";
		};
		44F62B5C223CD776005EE217 /* Frameworks */ = {
			isa = PBXGroup;
			children = (
				44F62B5D223CD776005EE217 /* SystemConfiguration.framework */,
				753918E7EB86120E18921237 /* Pods_Last_Fm.framework */,
			);
			name = Frameworks;
			sourceTree = "<group>";
		};
		62A5263CEAB985E5CDD5F41D /* Pods */ = {
			isa = PBXGroup;
			children = (
				6F2FDC84BBD15C686B192AFD /* Pods-Last.Fm.debug.xcconfig */,
				7E1534737AA3C98A172AA480 /* Pods-Last.Fm.release.xcconfig */,
			);
			path = Pods;
			sourceTree = "<group>";
		};
/* End PBXGroup section */

/* Begin PBXNativeTarget section */
		44C6A18B223A701C009F52BB /* Last.Fm */ = {
			isa = PBXNativeTarget;
			buildConfigurationList = 44C6A19E223A701D009F52BB /* Build configuration list for PBXNativeTarget "Last.Fm" */;
			buildPhases = (
				473D14C990DF99CA0A97985C /* [CP] Check Pods Manifest.lock */,
				44C6A188223A701C009F52BB /* Sources */,
				44C6A189223A701C009F52BB /* Frameworks */,
				44C6A18A223A701C009F52BB /* Resources */,
				7B5E37BD378A957C77EFEA9F /* [CP] Embed Pods Frameworks */,
			);
			buildRules = (
			);
			dependencies = (
			);
			name = Last.Fm;
			productName = Last.Fm;
			productReference = 44C6A18C223A701C009F52BB /* Last.Fm.app */;
			productType = "com.apple.product-type.application";
		};
/* End PBXNativeTarget section */

/* Begin PBXProject section */
		44C6A184223A701C009F52BB /* Project object */ = {
			isa = PBXProject;
			attributes = {
				LastSwiftUpdateCheck = 1010;
				LastUpgradeCheck = 1010;
				ORGANIZATIONNAME = Wipro;
				TargetAttributes = {
					44C6A18B223A701C009F52BB = {
						CreatedOnToolsVersion = 10.1;
					};
				};
			};
			buildConfigurationList = 44C6A187223A701C009F52BB /* Build configuration list for PBXProject "Last.Fm" */;
			compatibilityVersion = "Xcode 9.3";
			developmentRegion = en;
			hasScannedForEncodings = 0;
			knownRegions = (
				en,
				Base,
			);
			mainGroup = 44C6A183223A701C009F52BB;
			productRefGroup = 44C6A18D223A701C009F52BB /* Products */;
			projectDirPath = "";
			projectRoot = "";
			targets = (
				44C6A18B223A701C009F52BB /* Last.Fm */,
			);
		};
/* End PBXProject section */

/* Begin PBXResourcesBuildPhase section */
		44C6A18A223A701C009F52BB /* Resources */ = {
			isa = PBXResourcesBuildPhase;
			buildActionMask = 2147483647;
			files = (
				44C6A19A223A701D009F52BB /* LaunchScreen.storyboard in Resources */,
				44C6A197223A701D009F52BB /* Assets.xcassets in Resources */,
				44C6A195223A701C009F52BB /* Main.storyboard in Resources */,
			);
			runOnlyForDeploymentPostprocessing = 0;
		};
/* End PBXResourcesBuildPhase section */

/* Begin PBXShellScriptBuildPhase section */
		473D14C990DF99CA0A97985C /* [CP] Check Pods Manifest.lock */ = {
			isa = PBXShellScriptBuildPhase;
			buildActionMask = 2147483647;
			files = (
			);
			inputFileListPaths = (
			);
			inputPaths = (
				"${PODS_PODFILE_DIR_PATH}/Podfile.lock",
				"${PODS_ROOT}/Manifest.lock",
			);
			name = "[CP] Check Pods Manifest.lock";
			outputFileListPaths = (
			);
			outputPaths = (
				"$(DERIVED_FILE_DIR)/Pods-Last.Fm-checkManifestLockResult.txt",
			);
			runOnlyForDeploymentPostprocessing = 0;
			shellPath = /bin/sh;
			shellScript = "diff \"${PODS_PODFILE_DIR_PATH}/Podfile.lock\" \"${PODS_ROOT}/Manifest.lock\" > /dev/null\nif [ $? != 0 ] ; then\n    # print error to STDERR\n    echo \"error: The sandbox is not in sync with the Podfile.lock. Run 'pod install' or update your CocoaPods installation.\" >&2\n    exit 1\nfi\n# This output is used by Xcode 'outputs' to avoid re-running this script phase.\necho \"SUCCESS\" > \"${SCRIPT_OUTPUT_FILE_0}\"\n";
			showEnvVarsInLog = 0;
		};
		7B5E37BD378A957C77EFEA9F /* [CP] Embed Pods Frameworks */ = {
			isa = PBXShellScriptBuildPhase;
			buildActionMask = 2147483647;
			files = (
			);
			inputFileListPaths = (
			);
			inputPaths = (
				"${PODS_ROOT}/Target Support Files/Pods-Last.Fm/Pods-Last.Fm-frameworks.sh",
				"${BUILT_PRODUCTS_DIR}/Alamofire/Alamofire.framework",
				"${BUILT_PRODUCTS_DIR}/AlamofireImage/AlamofireImage.framework",
				"${BUILT_PRODUCTS_DIR}/AlamofireObjectMapper/AlamofireObjectMapper.framework",
				"${BUILT_PRODUCTS_DIR}/ObjectMapper/ObjectMapper.framework",
			);
			name = "[CP] Embed Pods Frameworks";
			outputFileListPaths = (
			);
			outputPaths = (
				"${TARGET_BUILD_DIR}/${FRAMEWORKS_FOLDER_PATH}/Alamofire.framework",
				"${TARGET_BUILD_DIR}/${FRAMEWORKS_FOLDER_PATH}/AlamofireImage.framework",
				"${TARGET_BUILD_DIR}/${FRAMEWORKS_FOLDER_PATH}/AlamofireObjectMapper.framework",
				"${TARGET_BUILD_DIR}/${FRAMEWORKS_FOLDER_PATH}/ObjectMapper.framework",
			);
			runOnlyForDeploymentPostprocessing = 0;
			shellPath = /bin/sh;
			shellScript = "\"${PODS_ROOT}/Target Support Files/Pods-Last.Fm/Pods-Last.Fm-frameworks.sh\"\n";
			showEnvVarsInLog = 0;
		};
/* End PBXShellScriptBuildPhase section */

/* Begin PBXSourcesBuildPhase section */
		44C6A188223A701C009F52BB /* Sources */ = {
			isa = PBXSourcesBuildPhase;
			buildActionMask = 2147483647;
			files = (
				44C6A1B2223A7D11009F52BB /* AlbumViewModel.swift in Sources */,
				44C6A1A3223A7129009F52BB /* AppDelegate.swift in Sources */,
				44C6A1AC223A7502009F52BB /* CollectionViewCell.swift in Sources */,
				44C6A1C5223BC6B3009F52BB /* ViewController.swift in Sources */,
				44C6A1B7223A7D70009F52BB /* Constants.swift in Sources */,
				44C6A1B0223A7D03009F52BB /* APIClient.swift in Sources */,
				44C6A1C7223BC6B3009F52BB /* Extensions.swift in Sources */,
				44C6A1C6223BC6B3009F52BB /* AlbumInfoVC.swift in Sources */,
				44C6A1C9223BC6D8009F52BB /* Protocols.swift in Sources */,
				44C6A1BD223B7191009F52BB /* AlbumInfoViewModel.swift in Sources */,
				44C6A1AE223A7CE0009F52BB /* Album.swift in Sources */,
				44A10725225738B50082B00C /* UIViewController+Extensions.swift in Sources */,
				44C6A1B9223B54B0009F52BB /* AlbumInfo.swift in Sources */,
				448091B5225333F50006C817 /* ServiceError.swift in Sources */,
				44F62B5A223CC734005EE217 /* Reachability.swift in Sources */,
			);
			runOnlyForDeploymentPostprocessing = 0;
		};
/* End PBXSourcesBuildPhase section */

/* Begin PBXVariantGroup section */
		44C6A193223A701C009F52BB /* Main.storyboard */ = {
			isa = PBXVariantGroup;
			children = (
				44C6A194223A701C009F52BB /* Base */,
			);
			name = Main.storyboard;
			sourceTree = "<group>";
		};
		44C6A198223A701D009F52BB /* LaunchScreen.storyboard */ = {
			isa = PBXVariantGroup;
			children = (
				44C6A199223A701D009F52BB /* Base */,
			);
			name = LaunchScreen.storyboard;
			sourceTree = "<group>";
		};
/* End PBXVariantGroup section */

/* Begin XCBuildConfiguration section */
		44C6A19C223A701D009F52BB /* Debug */ = {
			isa = XCBuildConfiguration;
			buildSettings = {
				ALWAYS_SEARCH_USER_PATHS = NO;
				CLANG_ANALYZER_NONNULL = YES;
				CLANG_ANALYZER_NUMBER_OBJECT_CONVERSION = YES_AGGRESSIVE;
				CLANG_CXX_LANGUAGE_STANDARD = "gnu++14";
				CLANG_CXX_LIBRARY = "libc++";
				CLANG_ENABLE_MODULES = YES;
				CLANG_ENABLE_OBJC_ARC = YES;
				CLANG_ENABLE_OBJC_WEAK = YES;
				CLANG_WARN_BLOCK_CAPTURE_AUTORELEASING = YES;
				CLANG_WARN_BOOL_CONVERSION = YES;
				CLANG_WARN_COMMA = YES;
				CLANG_WARN_CONSTANT_CONVERSION = YES;
				CLANG_WARN_DEPRECATED_OBJC_IMPLEMENTATIONS = YES;
				CLANG_WARN_DIRECT_OBJC_ISA_USAGE = YES_ERROR;
				CLANG_WARN_DOCUMENTATION_COMMENTS = YES;
				CLANG_WARN_EMPTY_BODY = YES;
				CLANG_WARN_ENUM_CONVERSION = YES;
				CLANG_WARN_INFINITE_RECURSION = YES;
				CLANG_WARN_INT_CONVERSION = YES;
				CLANG_WARN_NON_LITERAL_NULL_CONVERSION = YES;
				CLANG_WARN_OBJC_IMPLICIT_RETAIN_SELF = YES;
				CLANG_WARN_OBJC_LITERAL_CONVERSION = YES;
				CLANG_WARN_OBJC_ROOT_CLASS = YES_ERROR;
				CLANG_WARN_RANGE_LOOP_ANALYSIS = YES;
				CLANG_WARN_STRICT_PROTOTYPES = YES;
				CLANG_WARN_SUSPICIOUS_MOVE = YES;
				CLANG_WARN_UNGUARDED_AVAILABILITY = YES_AGGRESSIVE;
				CLANG_WARN_UNREACHABLE_CODE = YES;
				CLANG_WARN__DUPLICATE_METHOD_MATCH = YES;
				CODE_SIGN_IDENTITY = "iPhone Developer";
				COPY_PHASE_STRIP = NO;
				DEBUG_INFORMATION_FORMAT = dwarf;
				ENABLE_STRICT_OBJC_MSGSEND = YES;
				ENABLE_TESTABILITY = YES;
				GCC_C_LANGUAGE_STANDARD = gnu11;
				GCC_DYNAMIC_NO_PIC = NO;
				GCC_NO_COMMON_BLOCKS = YES;
				GCC_OPTIMIZATION_LEVEL = 0;
				GCC_PREPROCESSOR_DEFINITIONS = (
					"DEBUG=1",
					"$(inherited)",
				);
				GCC_WARN_64_TO_32_BIT_CONVERSION = YES;
				GCC_WARN_ABOUT_RETURN_TYPE = YES_ERROR;
				GCC_WARN_UNDECLARED_SELECTOR = YES;
				GCC_WARN_UNINITIALIZED_AUTOS = YES_AGGRESSIVE;
				GCC_WARN_UNUSED_FUNCTION = YES;
				GCC_WARN_UNUSED_VARIABLE = YES;
				IPHONEOS_DEPLOYMENT_TARGET = 11.0;
				MTL_ENABLE_DEBUG_INFO = INCLUDE_SOURCE;
				MTL_FAST_MATH = YES;
				ONLY_ACTIVE_ARCH = YES;
				SDKROOT = iphoneos;
				SWIFT_ACTIVE_COMPILATION_CONDITIONS = DEBUG;
				SWIFT_OPTIMIZATION_LEVEL = "-Onone";
			};
			name = Debug;
		};
		44C6A19D223A701D009F52BB /* Release */ = {
			isa = XCBuildConfiguration;
			buildSettings = {
				ALWAYS_SEARCH_USER_PATHS = NO;
				CLANG_ANALYZER_NONNULL = YES;
				CLANG_ANALYZER_NUMBER_OBJECT_CONVERSION = YES_AGGRESSIVE;
				CLANG_CXX_LANGUAGE_STANDARD = "gnu++14";
				CLANG_CXX_LIBRARY = "libc++";
				CLANG_ENABLE_MODULES = YES;
				CLANG_ENABLE_OBJC_ARC = YES;
				CLANG_ENABLE_OBJC_WEAK = YES;
				CLANG_WARN_BLOCK_CAPTURE_AUTORELEASING = YES;
				CLANG_WARN_BOOL_CONVERSION = YES;
				CLANG_WARN_COMMA = YES;
				CLANG_WARN_CONSTANT_CONVERSION = YES;
				CLANG_WARN_DEPRECATED_OBJC_IMPLEMENTATIONS = YES;
				CLANG_WARN_DIRECT_OBJC_ISA_USAGE = YES_ERROR;
				CLANG_WARN_DOCUMENTATION_COMMENTS = YES;
				CLANG_WARN_EMPTY_BODY = YES;
				CLANG_WARN_ENUM_CONVERSION = YES;
				CLANG_WARN_INFINITE_RECURSION = YES;
				CLANG_WARN_INT_CONVERSION = YES;
				CLANG_WARN_NON_LITERAL_NULL_CONVERSION = YES;
				CLANG_WARN_OBJC_IMPLICIT_RETAIN_SELF = YES;
				CLANG_WARN_OBJC_LITERAL_CONVERSION = YES;
				CLANG_WARN_OBJC_ROOT_CLASS = YES_ERROR;
				CLANG_WARN_RANGE_LOOP_ANALYSIS = YES;
				CLANG_WARN_STRICT_PROTOTYPES = YES;
				CLANG_WARN_SUSPICIOUS_MOVE = YES;
				CLANG_WARN_UNGUARDED_AVAILABILITY = YES_AGGRESSIVE;
				CLANG_WARN_UNREACHABLE_CODE = YES;
				CLANG_WARN__DUPLICATE_METHOD_MATCH = YES;
				CODE_SIGN_IDENTITY = "iPhone Developer";
				COPY_PHASE_STRIP = NO;
				DEBUG_INFORMATION_FORMAT = "dwarf-with-dsym";
				ENABLE_NS_ASSERTIONS = NO;
				ENABLE_STRICT_OBJC_MSGSEND = YES;
				GCC_C_LANGUAGE_STANDARD = gnu11;
				GCC_NO_COMMON_BLOCKS = YES;
				GCC_WARN_64_TO_32_BIT_CONVERSION = YES;
				GCC_WARN_ABOUT_RETURN_TYPE = YES_ERROR;
				GCC_WARN_UNDECLARED_SELECTOR = YES;
				GCC_WARN_UNINITIALIZED_AUTOS = YES_AGGRESSIVE;
				GCC_WARN_UNUSED_FUNCTION = YES;
				GCC_WARN_UNUSED_VARIABLE = YES;
				IPHONEOS_DEPLOYMENT_TARGET = 11.0;
				MTL_ENABLE_DEBUG_INFO = NO;
				MTL_FAST_MATH = YES;
				SDKROOT = iphoneos;
				SWIFT_COMPILATION_MODE = wholemodule;
				SWIFT_OPTIMIZATION_LEVEL = "-O";
				VALIDATE_PRODUCT = YES;
			};
			name = Release;
		};
		44C6A19F223A701D009F52BB /* Debug */ = {
			isa = XCBuildConfiguration;
			baseConfigurationReference = 6F2FDC84BBD15C686B192AFD /* Pods-Last.Fm.debug.xcconfig */;
			buildSettings = {
				ASSETCATALOG_COMPILER_APPICON_NAME = AppIcon;
				CODE_SIGN_STYLE = Automatic;
				INFOPLIST_FILE = Last.Fm/Info.plist;
				IPHONEOS_DEPLOYMENT_TARGET = 11.0;
				LD_RUNPATH_SEARCH_PATHS = (
					"$(inherited)",
					"@executable_path/Frameworks",
				);
				PRODUCT_BUNDLE_IDENTIFIER = "io.wipro.Last-Fm";
				PRODUCT_NAME = "$(TARGET_NAME)";
				SWIFT_VERSION = 4.2;
				TARGETED_DEVICE_FAMILY = "1,2";
			};
			name = Debug;
		};
		44C6A1A0223A701D009F52BB /* Release */ = {
			isa = XCBuildConfiguration;
			baseConfigurationReference = 7E1534737AA3C98A172AA480 /* Pods-Last.Fm.release.xcconfig */;
			buildSettings = {
				ASSETCATALOG_COMPILER_APPICON_NAME = AppIcon;
				CODE_SIGN_STYLE = Automatic;
				INFOPLIST_FILE = Last.Fm/Info.plist;
				IPHONEOS_DEPLOYMENT_TARGET = 11.0;
				LD_RUNPATH_SEARCH_PATHS = (
					"$(inherited)",
					"@executable_path/Frameworks",
				);
				PRODUCT_BUNDLE_IDENTIFIER = "io.wipro.Last-Fm";
				PRODUCT_NAME = "$(TARGET_NAME)";
				SWIFT_VERSION = 4.2;
				TARGETED_DEVICE_FAMILY = "1,2";
			};
			name = Release;
		};
/* End XCBuildConfiguration section */

/* Begin XCConfigurationList section */
		44C6A187223A701C009F52BB /* Build configuration list for PBXProject "Last.Fm" */ = {
			isa = XCConfigurationList;
			buildConfigurations = (
				44C6A19C223A701D009F52BB /* Debug */,
				44C6A19D223A701D009F52BB /* Release */,
			);
			defaultConfigurationIsVisible = 0;
			defaultConfigurationName = Release;
		};
		44C6A19E223A701D009F52BB /* Build configuration list for PBXNativeTarget "Last.Fm" */ = {
			isa = XCConfigurationList;
			buildConfigurations = (
				44C6A19F223A701D009F52BB /* Debug */,
				44C6A1A0223A701D009F52BB /* Release */,
			);
			defaultConfigurationIsVisible = 0;
			defaultConfigurationName = Release;
		};
/* End XCConfigurationList section */
	};
	rootObject = 44C6A184223A701C009F52BB /* Project object */;
}
